
Microsoft Visual Studio Solution File, Format Version 12.00
# Visual Studio Version 17
VisualStudioVersion = 17.7.34031.279
MinimumVisualStudioVersion = 10.0.40219.1
Project("{FAE04EC0-301F-11D3-BF4B-00C04F79EFBC}") = "Server_netFrameWork", "Server_netFrameWork\Server_netFrameWork.csproj", "{997A0CFF-D420-4166-AE0A-6341F8F58785}"
EndProject
Global
	GlobalSection(SolutionConfigurationPlatforms) = preSolution
		Debug|Any CPU = Debug|Any CPU
		Release|Any CPU = Release|Any CPU
	EndGlobalSection
	GlobalSection(ProjectConfigurationPlatforms) = postSolution
		{997A0CFF-D420-4166-AE0A-6341F8F58785}.Debug|Any CPU.ActiveCfg = Debug|Any CPU
		{997A0CFF-D420-4166-AE0A-6341F8F58785}.Debug|Any CPU.Build.0 = Debug|Any CPU
		{997A0CFF-D420-4166-AE0A-6341F8F58785}.Release|Any CPU.ActiveCfg = Release|Any CPU
		{997A0CFF-D420-4166-AE0A-6341F8F58785}.Release|Any CPU.Build.0 = Release|Any CPU
	EndGlobalSection
	GlobalSection(SolutionProperties) = preSolution
		HideSolutionNode = FALSE
	EndGlobalSection
	GlobalSection(ExtensibilityGlobals) = postSolution
		SolutionGuid = {EFC7CBF4-BB8D-460E-93C6-FD6D408D5935}
	EndGlobalSection
EndGlobal
